// !$*UTF8*$!
{
	archiveVersion = 1;
	classes = {
	};
	objectVersion = 46;
	objects = {

/* Begin PBXBuildFile section */
		0207DA581B56EA530066E2B4 /* Images.xcassets in Resources */ = {isa = PBXBuildFile; fileRef = 0207DA571B56EA530066E2B4 /* Images.xcassets */; };
		1D3623260D0F684500981E51 /* AppDelegate.m in Sources */ = {isa = PBXBuildFile; fileRef = 1D3623250D0F684500981E51 /* AppDelegate.m */; };
		1D60589B0D05DD56006BFB54 /* main.m in Sources */ = {isa = PBXBuildFile; fileRef = 29B97316FDCFA39411CA2CEA /* main.m */; };
		22E36291157259616A36B7E2 /* libPods-ReceiveOrder.a in Frameworks */ = {isa = PBXBuildFile; fileRef = 1A828D9AA15A1DC941845515 /* libPods-ReceiveOrder.a */; };
		301BF552109A68D80062928A /* libCordova.a in Frameworks */ = {isa = PBXBuildFile; fileRef = 301BF535109A57CC0062928A /* libCordova.a */; };
		3047A5121AB8059700498E2A /* build-debug.xcconfig in Resources */ = {isa = PBXBuildFile; fileRef = 3047A50F1AB8059700498E2A /* build-debug.xcconfig */; };
		3047A5131AB8059700498E2A /* build-release.xcconfig in Resources */ = {isa = PBXBuildFile; fileRef = 3047A5101AB8059700498E2A /* build-release.xcconfig */; };
		3047A5141AB8059700498E2A /* build.xcconfig in Resources */ = {isa = PBXBuildFile; fileRef = 3047A5111AB8059700498E2A /* build.xcconfig */; };
		96082BE31D4AEA3D00AC00B9 /* HighlightBgColorButton.m in Sources */ = {isa = PBXBuildFile; fileRef = 96082BE21D4AEA3D00AC00B9 /* HighlightBgColorButton.m */; };
		96082BE61D4AF20200AC00B9 /* FourthStep.m in Sources */ = {isa = PBXBuildFile; fileRef = 96082BE51D4AF20200AC00B9 /* FourthStep.m */; };
		962246511D4F1DD20015ACDE /* libUMessage_Sdk_1.3.0.a in Frameworks */ = {isa = PBXBuildFile; fileRef = 9622464F1D4F1DD20015ACDE /* libUMessage_Sdk_1.3.0.a */; };
		96256FBF1D472D8700DA5F18 /* TabBarController.m in Sources */ = {isa = PBXBuildFile; fileRef = 96256FBE1D472D8700DA5F18 /* TabBarController.m */; };
		96256FC21D4735AA00DA5F18 /* FirstStep.m in Sources */ = {isa = PBXBuildFile; fileRef = 96256FC11D4735AA00DA5F18 /* FirstStep.m */; };
		96256FC51D47693F00DA5F18 /* SecondStep.m in Sources */ = {isa = PBXBuildFile; fileRef = 96256FC41D47693F00DA5F18 /* SecondStep.m */; };
		962720751D485BB4005AF916 /* MainViewController.m in Sources */ = {isa = PBXBuildFile; fileRef = 962720731D485BB4005AF916 /* MainViewController.m */; };
		962720931D486EEC005AF916 /* Info.plist in Resources */ = {isa = PBXBuildFile; fileRef = 962720791D486EEC005AF916 /* Info.plist */; };
		962720941D486EEC005AF916 /* MASCompositeConstraint.m in Sources */ = {isa = PBXBuildFile; fileRef = 9627207B1D486EEC005AF916 /* MASCompositeConstraint.m */; };
		962720951D486EEC005AF916 /* MASConstraint.m in Sources */ = {isa = PBXBuildFile; fileRef = 9627207E1D486EEC005AF916 /* MASConstraint.m */; };
		962720961D486EEC005AF916 /* MASConstraintMaker.m in Sources */ = {isa = PBXBuildFile; fileRef = 962720801D486EEC005AF916 /* MASConstraintMaker.m */; };
		962720971D486EEC005AF916 /* MASLayoutConstraint.m in Sources */ = {isa = PBXBuildFile; fileRef = 962720821D486EEC005AF916 /* MASLayoutConstraint.m */; };
		962720981D486EEC005AF916 /* MASViewAttribute.m in Sources */ = {isa = PBXBuildFile; fileRef = 962720861D486EEC005AF916 /* MASViewAttribute.m */; };
		962720991D486EEC005AF916 /* MASViewConstraint.m in Sources */ = {isa = PBXBuildFile; fileRef = 962720881D486EEC005AF916 /* MASViewConstraint.m */; };
		9627209A1D486EEC005AF916 /* NSArray+MASAdditions.m in Sources */ = {isa = PBXBuildFile; fileRef = 9627208A1D486EEC005AF916 /* NSArray+MASAdditions.m */; };
		9627209B1D486EEC005AF916 /* NSLayoutConstraint+MASDebugAdditions.m in Sources */ = {isa = PBXBuildFile; fileRef = 9627208D1D486EEC005AF916 /* NSLayoutConstraint+MASDebugAdditions.m */; };
		9627209C1D486EEC005AF916 /* View+MASAdditions.m in Sources */ = {isa = PBXBuildFile; fileRef = 9627208F1D486EEC005AF916 /* View+MASAdditions.m */; };
		9627209D1D486EEC005AF916 /* ViewController+MASAdditions.m in Sources */ = {isa = PBXBuildFile; fileRef = 962720921D486EEC005AF916 /* ViewController+MASAdditions.m */; };
		96E8E0E91D49A61E0071589B /* RegisterController.m in Sources */ = {isa = PBXBuildFile; fileRef = 96E8E0E81D49A61E0071589B /* RegisterController.m */; };
		96E8E0EC1D49B3BE0071589B /* SecondStepCell.m in Sources */ = {isa = PBXBuildFile; fileRef = 96E8E0EB1D49B3BE0071589B /* SecondStepCell.m */; };
		96E8E0EF1D49E3B80071589B /* ThirdStep.m in Sources */ = {isa = PBXBuildFile; fileRef = 96E8E0EE1D49E3B80071589B /* ThirdStep.m */; };
		96EC32461D51C55C00C9E233 /* CDVInteraction.swift in Sources */ = {isa = PBXBuildFile; fileRef = 96EC32451D51C55C00C9E233 /* CDVInteraction.swift */; };
		96F5038E1D45E03A00040DC5 /* LaunchScreen.storyboard in Resources */ = {isa = PBXBuildFile; fileRef = 96F5038A1D45E03A00040DC5 /* LaunchScreen.storyboard */; };
		96F5038F1D45E03A00040DC5 /* Main.storyboard in Resources */ = {isa = PBXBuildFile; fileRef = 96F5038C1D45E03A00040DC5 /* Main.storyboard */; };
		96F503921D45E0C800040DC5 /* Login.m in Sources */ = {isa = PBXBuildFile; fileRef = 96F503911D45E0C800040DC5 /* Login.m */; };
		96F503A11D46031500040DC5 /* WJPromptLabel.m in Sources */ = {isa = PBXBuildFile; fileRef = 96F5039D1D46031500040DC5 /* WJPromptLabel.m */; };
/* End PBXBuildFile section */

/* Begin PBXContainerItemProxy section */
		301BF534109A57CC0062928A /* PBXContainerItemProxy */ = {
			isa = PBXContainerItemProxy;
			containerPortal = 301BF52D109A57CC0062928A /* CordovaLib.xcodeproj */;
			proxyType = 2;
			remoteGlobalIDString = D2AAC07E0554694100DB518D;
			remoteInfo = CordovaLib;
		};
		301BF550109A68C00062928A /* PBXContainerItemProxy */ = {
			isa = PBXContainerItemProxy;
			containerPortal = 301BF52D109A57CC0062928A /* CordovaLib.xcodeproj */;
			proxyType = 1;
			remoteGlobalIDString = D2AAC07D0554694100DB518D;
			remoteInfo = CordovaLib;
		};
/* End PBXContainerItemProxy section */

/* Begin PBXFileReference section */
		0207DA571B56EA530066E2B4 /* Images.xcassets */ = {isa = PBXFileReference; lastKnownFileType = folder.assetcatalog; name = Images.xcassets; path = ReceiveOrder/Images.xcassets; sourceTree = SOURCE_ROOT; };
		1A828D9AA15A1DC941845515 /* libPods-ReceiveOrder.a */ = {isa = PBXFileReference; explicitFileType = archive.ar; includeInIndex = 0; path = "libPods-ReceiveOrder.a"; sourceTree = BUILT_PRODUCTS_DIR; };
		1D3623240D0F684500981E51 /* AppDelegate.h */ = {isa = PBXFileReference; fileEncoding = 4; lastKnownFileType = sourcecode.c.h; path = AppDelegate.h; sourceTree = "<group>"; };
		1D3623250D0F684500981E51 /* AppDelegate.m */ = {isa = PBXFileReference; fileEncoding = 4; lastKnownFileType = sourcecode.c.objc; path = AppDelegate.m; sourceTree = "<group>"; };
		1D6058910D05DD3D006BFB54 /* ReceiveOrder.app */ = {isa = PBXFileReference; explicitFileType = wrapper.application; includeInIndex = 0; path = ReceiveOrder.app; sourceTree = BUILT_PRODUCTS_DIR; };
		29B97316FDCFA39411CA2CEA /* main.m */ = {isa = PBXFileReference; fileEncoding = 4; lastKnownFileType = sourcecode.c.objc; path = main.m; sourceTree = "<group>"; };
		301BF52D109A57CC0062928A /* CordovaLib.xcodeproj */ = {isa = PBXFileReference; lastKnownFileType = "wrapper.pb-project"; name = CordovaLib.xcodeproj; path = CordovaLib/CordovaLib.xcodeproj; sourceTree = "<group>"; };
		301BF56E109A69640062928A /* www */ = {isa = PBXFileReference; lastKnownFileType = folder; path = www; sourceTree = SOURCE_ROOT; };
		3047A50F1AB8059700498E2A /* build-debug.xcconfig */ = {isa = PBXFileReference; fileEncoding = 4; lastKnownFileType = text.xcconfig; name = "build-debug.xcconfig"; path = "cordova/build-debug.xcconfig"; sourceTree = SOURCE_ROOT; };
		3047A5101AB8059700498E2A /* build-release.xcconfig */ = {isa = PBXFileReference; fileEncoding = 4; lastKnownFileType = text.xcconfig; name = "build-release.xcconfig"; path = "cordova/build-release.xcconfig"; sourceTree = SOURCE_ROOT; };
		3047A5111AB8059700498E2A /* build.xcconfig */ = {isa = PBXFileReference; fileEncoding = 4; lastKnownFileType = text.xcconfig; name = build.xcconfig; path = cordova/build.xcconfig; sourceTree = SOURCE_ROOT; };
		32CA4F630368D1EE00C91783 /* ReceiveOrder-Prefix.pch */ = {isa = PBXFileReference; fileEncoding = 4; lastKnownFileType = sourcecode.c.h; path = "ReceiveOrder-Prefix.pch"; sourceTree = "<group>"; };
		8D1107310486CEB800E47090 /* ReceiveOrder-Info.plist */ = {isa = PBXFileReference; fileEncoding = 4; lastKnownFileType = text.plist.xml; name = "ReceiveOrder-Info.plist"; path = "ReceiveOrder/ReceiveOrder-Info.plist"; plistStructureDefinitionIdentifier = "com.apple.xcode.plist.structure-definition.iphone.info-plist"; sourceTree = SOURCE_ROOT; };
		96082BE11D4AEA3D00AC00B9 /* HighlightBgColorButton.h */ = {isa = PBXFileReference; fileEncoding = 4; lastKnownFileType = sourcecode.c.h; name = HighlightBgColorButton.h; path = ../Register/HighlightBgColorButton.h; sourceTree = "<group>"; };
		96082BE21D4AEA3D00AC00B9 /* HighlightBgColorButton.m */ = {isa = PBXFileReference; fileEncoding = 4; lastKnownFileType = sourcecode.c.objc; name = HighlightBgColorButton.m; path = ../Register/HighlightBgColorButton.m; sourceTree = "<group>"; };
		96082BE41D4AF20200AC00B9 /* FourthStep.h */ = {isa = PBXFileReference; fileEncoding = 4; lastKnownFileType = sourcecode.c.h; path = FourthStep.h; sourceTree = "<group>"; };
		96082BE51D4AF20200AC00B9 /* FourthStep.m */ = {isa = PBXFileReference; fileEncoding = 4; lastKnownFileType = sourcecode.c.objc; path = FourthStep.m; sourceTree = "<group>"; };
		9622464F1D4F1DD20015ACDE /* libUMessage_Sdk_1.3.0.a */ = {isa = PBXFileReference; lastKnownFileType = archive.ar; path = libUMessage_Sdk_1.3.0.a; sourceTree = "<group>"; };
		962246501D4F1DD20015ACDE /* UMessage.h */ = {isa = PBXFileReference; fileEncoding = 4; lastKnownFileType = sourcecode.c.h; path = UMessage.h; sourceTree = "<group>"; };
		96256FA91D46F6D100DA5F18 /* Keys.h */ = {isa = PBXFileReference; fileEncoding = 4; lastKnownFileType = sourcecode.c.h; path = Keys.h; sourceTree = "<group>"; };
		96256FBD1D472D8700DA5F18 /* TabBarController.h */ = {isa = PBXFileReference; fileEncoding = 4; lastKnownFileType = sourcecode.c.h; path = TabBarController.h; sourceTree = "<group>"; };
		96256FBE1D472D8700DA5F18 /* TabBarController.m */ = {isa = PBXFileReference; fileEncoding = 4; lastKnownFileType = sourcecode.c.objc; path = TabBarController.m; sourceTree = "<group>"; };
		96256FC01D4735AA00DA5F18 /* FirstStep.h */ = {isa = PBXFileReference; fileEncoding = 4; lastKnownFileType = sourcecode.c.h; path = FirstStep.h; sourceTree = "<group>"; };
		96256FC11D4735AA00DA5F18 /* FirstStep.m */ = {isa = PBXFileReference; fileEncoding = 4; lastKnownFileType = sourcecode.c.objc; path = FirstStep.m; sourceTree = "<group>"; };
		96256FC31D47693F00DA5F18 /* SecondStep.h */ = {isa = PBXFileReference; fileEncoding = 4; lastKnownFileType = sourcecode.c.h; path = SecondStep.h; sourceTree = "<group>"; };
		96256FC41D47693F00DA5F18 /* SecondStep.m */ = {isa = PBXFileReference; fileEncoding = 4; lastKnownFileType = sourcecode.c.objc; path = SecondStep.m; sourceTree = "<group>"; };
		962720721D485BB4005AF916 /* MainViewController.h */ = {isa = PBXFileReference; fileEncoding = 4; lastKnownFileType = sourcecode.c.h; path = MainViewController.h; sourceTree = "<group>"; };
		962720731D485BB4005AF916 /* MainViewController.m */ = {isa = PBXFileReference; fileEncoding = 4; lastKnownFileType = sourcecode.c.objc; path = MainViewController.m; sourceTree = "<group>"; };
		962720791D486EEC005AF916 /* Info.plist */ = {isa = PBXFileReference; fileEncoding = 4; lastKnownFileType = text.plist.xml; path = Info.plist; sourceTree = "<group>"; };
		9627207A1D486EEC005AF916 /* MASCompositeConstraint.h */ = {isa = PBXFileReference; fileEncoding = 4; lastKnownFileType = sourcecode.c.h; path = MASCompositeConstraint.h; sourceTree = "<group>"; };
		9627207B1D486EEC005AF916 /* MASCompositeConstraint.m */ = {isa = PBXFileReference; fileEncoding = 4; lastKnownFileType = sourcecode.c.objc; path = MASCompositeConstraint.m; sourceTree = "<group>"; };
		9627207C1D486EEC005AF916 /* MASConstraint+Private.h */ = {isa = PBXFileReference; fileEncoding = 4; lastKnownFileType = sourcecode.c.h; path = "MASConstraint+Private.h"; sourceTree = "<group>"; };
		9627207D1D486EEC005AF916 /* MASConstraint.h */ = {isa = PBXFileReference; fileEncoding = 4; lastKnownFileType = sourcecode.c.h; path = MASConstraint.h; sourceTree = "<group>"; };
		9627207E1D486EEC005AF916 /* MASConstraint.m */ = {isa = PBXFileReference; fileEncoding = 4; lastKnownFileType = sourcecode.c.objc; path = MASConstraint.m; sourceTree = "<group>"; };
		9627207F1D486EEC005AF916 /* MASConstraintMaker.h */ = {isa = PBXFileReference; fileEncoding = 4; lastKnownFileType = sourcecode.c.h; path = MASConstraintMaker.h; sourceTree = "<group>"; };
		962720801D486EEC005AF916 /* MASConstraintMaker.m */ = {isa = PBXFileReference; fileEncoding = 4; lastKnownFileType = sourcecode.c.objc; path = MASConstraintMaker.m; sourceTree = "<group>"; };
		962720811D486EEC005AF916 /* MASLayoutConstraint.h */ = {isa = PBXFileReference; fileEncoding = 4; lastKnownFileType = sourcecode.c.h; path = MASLayoutConstraint.h; sourceTree = "<group>"; };
		962720821D486EEC005AF916 /* MASLayoutConstraint.m */ = {isa = PBXFileReference; fileEncoding = 4; lastKnownFileType = sourcecode.c.objc; path = MASLayoutConstraint.m; sourceTree = "<group>"; };
		962720831D486EEC005AF916 /* Masonry.h */ = {isa = PBXFileReference; fileEncoding = 4; lastKnownFileType = sourcecode.c.h; path = Masonry.h; sourceTree = "<group>"; };
		962720841D486EEC005AF916 /* MASUtilities.h */ = {isa = PBXFileReference; fileEncoding = 4; lastKnownFileType = sourcecode.c.h; path = MASUtilities.h; sourceTree = "<group>"; };
		962720851D486EEC005AF916 /* MASViewAttribute.h */ = {isa = PBXFileReference; fileEncoding = 4; lastKnownFileType = sourcecode.c.h; path = MASViewAttribute.h; sourceTree = "<group>"; };
		962720861D486EEC005AF916 /* MASViewAttribute.m */ = {isa = PBXFileReference; fileEncoding = 4; lastKnownFileType = sourcecode.c.objc; path = MASViewAttribute.m; sourceTree = "<group>"; };
		962720871D486EEC005AF916 /* MASViewConstraint.h */ = {isa = PBXFileReference; fileEncoding = 4; lastKnownFileType = sourcecode.c.h; path = MASViewConstraint.h; sourceTree = "<group>"; };
		962720881D486EEC005AF916 /* MASViewConstraint.m */ = {isa = PBXFileReference; fileEncoding = 4; lastKnownFileType = sourcecode.c.objc; path = MASViewConstraint.m; sourceTree = "<group>"; };
		962720891D486EEC005AF916 /* NSArray+MASAdditions.h */ = {isa = PBXFileReference; fileEncoding = 4; lastKnownFileType = sourcecode.c.h; path = "NSArray+MASAdditions.h"; sourceTree = "<group>"; };
		9627208A1D486EEC005AF916 /* NSArray+MASAdditions.m */ = {isa = PBXFileReference; fileEncoding = 4; lastKnownFileType = sourcecode.c.objc; path = "NSArray+MASAdditions.m"; sourceTree = "<group>"; };
		9627208B1D486EEC005AF916 /* NSArray+MASShorthandAdditions.h */ = {isa = PBXFileReference; fileEncoding = 4; lastKnownFileType = sourcecode.c.h; path = "NSArray+MASShorthandAdditions.h"; sourceTree = "<group>"; };
		9627208C1D486EEC005AF916 /* NSLayoutConstraint+MASDebugAdditions.h */ = {isa = PBXFileReference; fileEncoding = 4; lastKnownFileType = sourcecode.c.h; path = "NSLayoutConstraint+MASDebugAdditions.h"; sourceTree = "<group>"; };
		9627208D1D486EEC005AF916 /* NSLayoutConstraint+MASDebugAdditions.m */ = {isa = PBXFileReference; fileEncoding = 4; lastKnownFileType = sourcecode.c.objc; path = "NSLayoutConstraint+MASDebugAdditions.m"; sourceTree = "<group>"; };
		9627208E1D486EEC005AF916 /* View+MASAdditions.h */ = {isa = PBXFileReference; fileEncoding = 4; lastKnownFileType = sourcecode.c.h; path = "View+MASAdditions.h"; sourceTree = "<group>"; };
		9627208F1D486EEC005AF916 /* View+MASAdditions.m */ = {isa = PBXFileReference; fileEncoding = 4; lastKnownFileType = sourcecode.c.objc; path = "View+MASAdditions.m"; sourceTree = "<group>"; };
		962720901D486EEC005AF916 /* View+MASShorthandAdditions.h */ = {isa = PBXFileReference; fileEncoding = 4; lastKnownFileType = sourcecode.c.h; path = "View+MASShorthandAdditions.h"; sourceTree = "<group>"; };
		962720911D486EEC005AF916 /* ViewController+MASAdditions.h */ = {isa = PBXFileReference; fileEncoding = 4; lastKnownFileType = sourcecode.c.h; path = "ViewController+MASAdditions.h"; sourceTree = "<group>"; };
		962720921D486EEC005AF916 /* ViewController+MASAdditions.m */ = {isa = PBXFileReference; fileEncoding = 4; lastKnownFileType = sourcecode.c.objc; path = "ViewController+MASAdditions.m"; sourceTree = "<group>"; };
		96E8E0E71D49A61E0071589B /* RegisterController.h */ = {isa = PBXFileReference; fileEncoding = 4; lastKnownFileType = sourcecode.c.h; path = RegisterController.h; sourceTree = "<group>"; };
		96E8E0E81D49A61E0071589B /* RegisterController.m */ = {isa = PBXFileReference; fileEncoding = 4; lastKnownFileType = sourcecode.c.objc; path = RegisterController.m; sourceTree = "<group>"; };
		96E8E0EA1D49B3BE0071589B /* SecondStepCell.h */ = {isa = PBXFileReference; fileEncoding = 4; lastKnownFileType = sourcecode.c.h; path = SecondStepCell.h; sourceTree = "<group>"; };
		96E8E0EB1D49B3BE0071589B /* SecondStepCell.m */ = {isa = PBXFileReference; fileEncoding = 4; lastKnownFileType = sourcecode.c.objc; path = SecondStepCell.m; sourceTree = "<group>"; };
		96E8E0ED1D49E3B80071589B /* ThirdStep.h */ = {isa = PBXFileReference; fileEncoding = 4; lastKnownFileType = sourcecode.c.h; path = ThirdStep.h; sourceTree = "<group>"; };
		96E8E0EE1D49E3B80071589B /* ThirdStep.m */ = {isa = PBXFileReference; fileEncoding = 4; lastKnownFileType = sourcecode.c.objc; path = ThirdStep.m; sourceTree = "<group>"; };
		96EC32411D51C44400C9E233 /* ReceiveOrder-Bridging-Header.h */ = {isa = PBXFileReference; lastKnownFileType = sourcecode.c.h; path = "ReceiveOrder-Bridging-Header.h"; sourceTree = "<group>"; };
		96EC32451D51C55C00C9E233 /* CDVInteraction.swift */ = {isa = PBXFileReference; fileEncoding = 4; lastKnownFileType = sourcecode.swift; path = CDVInteraction.swift; sourceTree = "<group>"; };
		96F5038B1D45E03A00040DC5 /* Base */ = {isa = PBXFileReference; lastKnownFileType = file.storyboard; name = Base; path = Base.lproj/LaunchScreen.storyboard; sourceTree = "<group>"; };
		96F5038D1D45E03A00040DC5 /* Base */ = {isa = PBXFileReference; lastKnownFileType = file.storyboard; name = Base; path = Base.lproj/Main.storyboard; sourceTree = "<group>"; };
		96F503901D45E0C800040DC5 /* Login.h */ = {isa = PBXFileReference; fileEncoding = 4; lastKnownFileType = sourcecode.c.h; path = Login.h; sourceTree = "<group>"; };
		96F503911D45E0C800040DC5 /* Login.m */ = {isa = PBXFileReference; fileEncoding = 4; lastKnownFileType = sourcecode.c.objc; path = Login.m; sourceTree = "<group>"; };
		96F5039C1D46031500040DC5 /* WJPromptLabel.h */ = {isa = PBXFileReference; fileEncoding = 4; lastKnownFileType = sourcecode.c.h; path = WJPromptLabel.h; sourceTree = "<group>"; };
		96F5039D1D46031500040DC5 /* WJPromptLabel.m */ = {isa = PBXFileReference; fileEncoding = 4; lastKnownFileType = sourcecode.c.objc; path = WJPromptLabel.m; sourceTree = "<group>"; };
		ED33DF2A687741AEAF9F8254 /* Bridging-Header.h */ = {isa = PBXFileReference; fileEncoding = 4; lastKnownFileType = sourcecode.c.h; path = "Bridging-Header.h"; sourceTree = "<group>"; };
		F840E1F0165FE0F500CFE078 /* config.xml */ = {isa = PBXFileReference; lastKnownFileType = text.xml; name = config.xml; path = ReceiveOrder/config.xml; sourceTree = "<group>"; };
/* End PBXFileReference section */

/* Begin PBXFrameworksBuildPhase section */
		1D60588F0D05DD3D006BFB54 /* Frameworks */ = {
			isa = PBXFrameworksBuildPhase;
			buildActionMask = 2147483647;
			files = (
				962246511D4F1DD20015ACDE /* libUMessage_Sdk_1.3.0.a in Frameworks */,
				301BF552109A68D80062928A /* libCordova.a in Frameworks */,
				22E36291157259616A36B7E2 /* libPods-ReceiveOrder.a in Frameworks */,
			);
			runOnlyForDeploymentPostprocessing = 0;
		};
/* End PBXFrameworksBuildPhase section */

/* Begin PBXGroup section */
		080E96DDFE201D6D7F000001 /* Classes */ = {
			isa = PBXGroup;
			children = (
				1D3623240D0F684500981E51 /* AppDelegate.h */,
				1D3623250D0F684500981E51 /* AppDelegate.m */,
				96F503901D45E0C800040DC5 /* Login.h */,
				96F503911D45E0C800040DC5 /* Login.m */,
				96F5038C1D45E03A00040DC5 /* Main.storyboard */,
				96F5038A1D45E03A00040DC5 /* LaunchScreen.storyboard */,
				96EC32411D51C44400C9E233 /* ReceiveOrder-Bridging-Header.h */,
				96256FBC1D472D8700DA5F18 /* TabbarViews */,
				96256FB11D4726E800DA5F18 /* Register */,
				96F5039B1D46031500040DC5 /* CustomViews */,
				96F5039E1D46031500040DC5 /* Extension */,
				96256FA81D46F6D100DA5F18 /* Macro */,
			);
			name = Classes;
			path = ReceiveOrder/Classes;
			sourceTree = SOURCE_ROOT;
		};
		19C28FACFE9D520D11CA2CBB /* Products */ = {
			isa = PBXGroup;
			children = (
				1D6058910D05DD3D006BFB54 /* ReceiveOrder.app */,
			);
			name = Products;
			sourceTree = "<group>";
		};
		29B97314FDCFA39411CA2CEA /* CustomTemplate */ = {
			isa = PBXGroup;
			children = (
				EB87FDF11871DA420020F90C /* Staging */,
				301BF52D109A57CC0062928A /* CordovaLib.xcodeproj */,
				080E96DDFE201D6D7F000001 /* Classes */,
				307C750510C5A3420062BCA9 /* Plugins */,
				29B97315FDCFA39411CA2CEA /* Other Sources */,
				29B97317FDCFA39411CA2CEA /* Resources */,
				9622464D1D4F1DD20015ACDE /* TheThird */,
				29B97323FDCFA39411CA2CEA /* Frameworks */,
				19C28FACFE9D520D11CA2CBB /* Products */,
				B8190F6E157D745B4531718E /* Pods */,
			);
			name = CustomTemplate;
			sourceTree = "<group>";
		};
		29B97315FDCFA39411CA2CEA /* Other Sources */ = {
			isa = PBXGroup;
			children = (
				32CA4F630368D1EE00C91783 /* ReceiveOrder-Prefix.pch */,
				29B97316FDCFA39411CA2CEA /* main.m */,
				ED33DF2A687741AEAF9F8254 /* Bridging-Header.h */,
			);
			name = "Other Sources";
			path = ReceiveOrder;
			sourceTree = "<group>";
		};
		29B97317FDCFA39411CA2CEA /* Resources */ = {
			isa = PBXGroup;
			children = (
				0207DA571B56EA530066E2B4 /* Images.xcassets */,
				3047A50E1AB8057F00498E2A /* config */,
				8D1107310486CEB800E47090 /* ReceiveOrder-Info.plist */,
			);
			name = Resources;
			path = ReceiveOrder/Resources;
			sourceTree = "<group>";
		};
		29B97323FDCFA39411CA2CEA /* Frameworks */ = {
			isa = PBXGroup;
			children = (
				1A828D9AA15A1DC941845515 /* libPods-ReceiveOrder.a */,
			);
			name = Frameworks;
			sourceTree = "<group>";
		};
		301BF52E109A57CC0062928A /* Products */ = {
			isa = PBXGroup;
			children = (
				301BF535109A57CC0062928A /* libCordova.a */,
			);
			name = Products;
			sourceTree = "<group>";
		};
		3047A50E1AB8057F00498E2A /* config */ = {
			isa = PBXGroup;
			children = (
				3047A50F1AB8059700498E2A /* build-debug.xcconfig */,
				3047A5101AB8059700498E2A /* build-release.xcconfig */,
				3047A5111AB8059700498E2A /* build.xcconfig */,
			);
			name = config;
			sourceTree = "<group>";
		};
		307C750510C5A3420062BCA9 /* Plugins */ = {
			isa = PBXGroup;
			children = (
				96EC32451D51C55C00C9E233 /* CDVInteraction.swift */,
			);
			name = Plugins;
			path = ReceiveOrder/Plugins;
			sourceTree = SOURCE_ROOT;
		};
		9622464D1D4F1DD20015ACDE /* TheThird */ = {
			isa = PBXGroup;
			children = (
				962720781D486EEC005AF916 /* Masonry */,
				9622464E1D4F1DD20015ACDE /* UMessage_Sdk_1.3.0 */,
			);
			path = TheThird;
			sourceTree = "<group>";
		};
		9622464E1D4F1DD20015ACDE /* UMessage_Sdk_1.3.0 */ = {
			isa = PBXGroup;
			children = (
				9622464F1D4F1DD20015ACDE /* libUMessage_Sdk_1.3.0.a */,
				962246501D4F1DD20015ACDE /* UMessage.h */,
			);
			path = UMessage_Sdk_1.3.0;
			sourceTree = "<group>";
		};
		96256FA81D46F6D100DA5F18 /* Macro */ = {
			isa = PBXGroup;
			children = (
				96256FA91D46F6D100DA5F18 /* Keys.h */,
			);
			path = Macro;
			sourceTree = "<group>";
		};
		96256FB11D4726E800DA5F18 /* Register */ = {
			isa = PBXGroup;
			children = (
				96E8E0E71D49A61E0071589B /* RegisterController.h */,
				96E8E0E81D49A61E0071589B /* RegisterController.m */,
				96256FC01D4735AA00DA5F18 /* FirstStep.h */,
				96256FC11D4735AA00DA5F18 /* FirstStep.m */,
				96256FC31D47693F00DA5F18 /* SecondStep.h */,
				96256FC41D47693F00DA5F18 /* SecondStep.m */,
				96E8E0EA1D49B3BE0071589B /* SecondStepCell.h */,
				96E8E0EB1D49B3BE0071589B /* SecondStepCell.m */,
				96E8E0ED1D49E3B80071589B /* ThirdStep.h */,
				96E8E0EE1D49E3B80071589B /* ThirdStep.m */,
				96082BE41D4AF20200AC00B9 /* FourthStep.h */,
				96082BE51D4AF20200AC00B9 /* FourthStep.m */,
			);
			path = Register;
			sourceTree = "<group>";
		};
		96256FBC1D472D8700DA5F18 /* TabbarViews */ = {
			isa = PBXGroup;
			children = (
				962720721D485BB4005AF916 /* MainViewController.h */,
				962720731D485BB4005AF916 /* MainViewController.m */,
				96256FBD1D472D8700DA5F18 /* TabBarController.h */,
				96256FBE1D472D8700DA5F18 /* TabBarController.m */,
			);
			path = TabbarViews;
			sourceTree = "<group>";
		};
		962720781D486EEC005AF916 /* Masonry */ = {
			isa = PBXGroup;
			children = (
				962720791D486EEC005AF916 /* Info.plist */,
				9627207A1D486EEC005AF916 /* MASCompositeConstraint.h */,
				9627207B1D486EEC005AF916 /* MASCompositeConstraint.m */,
				9627207C1D486EEC005AF916 /* MASConstraint+Private.h */,
				9627207D1D486EEC005AF916 /* MASConstraint.h */,
				9627207E1D486EEC005AF916 /* MASConstraint.m */,
				9627207F1D486EEC005AF916 /* MASConstraintMaker.h */,
				962720801D486EEC005AF916 /* MASConstraintMaker.m */,
				962720811D486EEC005AF916 /* MASLayoutConstraint.h */,
				962720821D486EEC005AF916 /* MASLayoutConstraint.m */,
				962720831D486EEC005AF916 /* Masonry.h */,
				962720841D486EEC005AF916 /* MASUtilities.h */,
				962720851D486EEC005AF916 /* MASViewAttribute.h */,
				962720861D486EEC005AF916 /* MASViewAttribute.m */,
				962720871D486EEC005AF916 /* MASViewConstraint.h */,
				962720881D486EEC005AF916 /* MASViewConstraint.m */,
				962720891D486EEC005AF916 /* NSArray+MASAdditions.h */,
				9627208A1D486EEC005AF916 /* NSArray+MASAdditions.m */,
				9627208B1D486EEC005AF916 /* NSArray+MASShorthandAdditions.h */,
				9627208C1D486EEC005AF916 /* NSLayoutConstraint+MASDebugAdditions.h */,
				9627208D1D486EEC005AF916 /* NSLayoutConstraint+MASDebugAdditions.m */,
				9627208E1D486EEC005AF916 /* View+MASAdditions.h */,
				9627208F1D486EEC005AF916 /* View+MASAdditions.m */,
				962720901D486EEC005AF916 /* View+MASShorthandAdditions.h */,
				962720911D486EEC005AF916 /* ViewController+MASAdditions.h */,
				962720921D486EEC005AF916 /* ViewController+MASAdditions.m */,
			);
			name = Masonry;
			path = ../Masonry;
			sourceTree = "<group>";
		};
		96F5039B1D46031500040DC5 /* CustomViews */ = {
			isa = PBXGroup;
			children = (
				96082BE11D4AEA3D00AC00B9 /* HighlightBgColorButton.h */,
				96082BE21D4AEA3D00AC00B9 /* HighlightBgColorButton.m */,
				96F5039C1D46031500040DC5 /* WJPromptLabel.h */,
				96F5039D1D46031500040DC5 /* WJPromptLabel.m */,
			);
			path = CustomViews;
			sourceTree = "<group>";
		};
		96F5039E1D46031500040DC5 /* Extension */ = {
			isa = PBXGroup;
			children = (
			);
			path = Extension;
			sourceTree = "<group>";
		};
		B8190F6E157D745B4531718E /* Pods */ = {
			isa = PBXGroup;
			children = (
			);
			name = Pods;
			sourceTree = "<group>";
		};
		EB87FDF11871DA420020F90C /* Staging */ = {
			isa = PBXGroup;
			children = (
				F840E1F0165FE0F500CFE078 /* config.xml */,
				301BF56E109A69640062928A /* www */,
			);
			name = Staging;
			sourceTree = "<group>";
		};
/* End PBXGroup section */

/* Begin PBXNativeTarget section */
		1D6058900D05DD3D006BFB54 /* ReceiveOrder */ = {
			isa = PBXNativeTarget;
			buildConfigurationList = 1D6058960D05DD3E006BFB54 /* Build configuration list for PBXNativeTarget "ReceiveOrder" */;
			buildPhases = (
				392BCB4B309DFE209BBEDB8F /* [CP] Check Pods Manifest.lock */,
				304B58A110DAC018002A0835 /* Copy www directory */,
				1D60588D0D05DD3D006BFB54 /* Resources */,
				1D60588E0D05DD3D006BFB54 /* Sources */,
				1D60588F0D05DD3D006BFB54 /* Frameworks */,
				D5BBD210780F1FC13621B2B9 /* [CP] Embed Pods Frameworks */,
				9FF9E37764D27035EF5F896D /* [CP] Copy Pods Resources */,
			);
			buildRules = (
			);
			dependencies = (
				301BF551109A68C00062928A /* PBXTargetDependency */,
			);
			name = ReceiveOrder;
			productName = ReceiveOrder;
			productReference = 1D6058910D05DD3D006BFB54 /* ReceiveOrder.app */;
			productType = "com.apple.product-type.application";
		};
/* End PBXNativeTarget section */

/* Begin PBXProject section */
		29B97313FDCFA39411CA2CEA /* Project object */ = {
			isa = PBXProject;
			attributes = {
				LastSwiftUpdateCheck = 0730;
				LastUpgradeCheck = 510;
				TargetAttributes = {
					1D6058900D05DD3D006BFB54 = {
						DevelopmentTeam = 8RWKQ4G7TR;
						SystemCapabilities = {
							com.apple.Push = {
								enabled = 1;
							};
						};
					};
				};
			};
			buildConfigurationList = C01FCF4E08A954540054247B /* Build configuration list for PBXProject "ReceiveOrder" */;
			compatibilityVersion = "Xcode 3.2";
			developmentRegion = English;
			hasScannedForEncodings = 1;
			knownRegions = (
				en,
				Base,
			);
			mainGroup = 29B97314FDCFA39411CA2CEA /* CustomTemplate */;
			projectDirPath = "";
			projectReferences = (
				{
					ProductGroup = 301BF52E109A57CC0062928A /* Products */;
					ProjectRef = 301BF52D109A57CC0062928A /* CordovaLib.xcodeproj */;
				},
			);
			projectRoot = "";
			targets = (
				1D6058900D05DD3D006BFB54 /* ReceiveOrder */,
			);
		};
/* End PBXProject section */

/* Begin PBXReferenceProxy section */
		301BF535109A57CC0062928A /* libCordova.a */ = {
			isa = PBXReferenceProxy;
			fileType = archive.ar;
			path = libCordova.a;
			remoteRef = 301BF534109A57CC0062928A /* PBXContainerItemProxy */;
			sourceTree = BUILT_PRODUCTS_DIR;
		};
/* End PBXReferenceProxy section */

/* Begin PBXResourcesBuildPhase section */
		1D60588D0D05DD3D006BFB54 /* Resources */ = {
			isa = PBXResourcesBuildPhase;
			buildActionMask = 2147483647;
			files = (
				96F5038F1D45E03A00040DC5 /* Main.storyboard in Resources */,
				3047A5131AB8059700498E2A /* build-release.xcconfig in Resources */,
				3047A5141AB8059700498E2A /* build.xcconfig in Resources */,
				96F5038E1D45E03A00040DC5 /* LaunchScreen.storyboard in Resources */,
				0207DA581B56EA530066E2B4 /* Images.xcassets in Resources */,
				3047A5121AB8059700498E2A /* build-debug.xcconfig in Resources */,
				962720931D486EEC005AF916 /* Info.plist in Resources */,
			);
			runOnlyForDeploymentPostprocessing = 0;
		};
/* End PBXResourcesBuildPhase section */

/* Begin PBXShellScriptBuildPhase section */
		304B58A110DAC018002A0835 /* Copy www directory */ = {
			isa = PBXShellScriptBuildPhase;
			buildActionMask = 2147483647;
			files = (
			);
			inputPaths = (
			);
			name = "Copy www directory";
			outputPaths = (
			);
			runOnlyForDeploymentPostprocessing = 0;
			shellPath = /bin/sh;
			shellScript = "NODEJS_PATH=/usr/local/bin; NVM_NODE_PATH=~/.nvm/versions/node/`nvm version 2>/dev/null`/bin; N_NODE_PATH=`find /usr/local/n/versions/node/* -maxdepth 0 -type d 2>/dev/null | tail -1`/bin; XCODE_NODE_PATH=`xcode-select --print-path`/usr/share/xcs/Node/bin; PATH=$NODEJS_PATH:$NVM_NODE_PATH:$N_NODE_PATH:$XCODE_NODE_PATH:$PATH && node cordova/lib/copy-www-build-step.js";
			showEnvVarsInLog = 0;
		};
		392BCB4B309DFE209BBEDB8F /* [CP] Check Pods Manifest.lock */ = {
			isa = PBXShellScriptBuildPhase;
			buildActionMask = 2147483647;
			files = (
			);
			inputPaths = (
			);
			name = "[CP] Check Pods Manifest.lock";
			outputPaths = (
			);
			runOnlyForDeploymentPostprocessing = 0;
			shellPath = /bin/sh;
			shellScript = "diff \"${PODS_ROOT}/../Podfile.lock\" \"${PODS_ROOT}/Manifest.lock\" > /dev/null\nif [[ $? != 0 ]] ; then\n    cat << EOM\nerror: The sandbox is not in sync with the Podfile.lock. Run 'pod install' or update your CocoaPods installation.\nEOM\n    exit 1\nfi\n";
			showEnvVarsInLog = 0;
		};
		9FF9E37764D27035EF5F896D /* [CP] Copy Pods Resources */ = {
			isa = PBXShellScriptBuildPhase;
			buildActionMask = 2147483647;
			files = (
			);
			inputPaths = (
			);
			name = "[CP] Copy Pods Resources";
			outputPaths = (
			);
			runOnlyForDeploymentPostprocessing = 0;
			shellPath = /bin/sh;
			shellScript = "\"${SRCROOT}/Pods/Target Support Files/Pods-ReceiveOrder/Pods-ReceiveOrder-resources.sh\"\n";
			showEnvVarsInLog = 0;
		};
		D5BBD210780F1FC13621B2B9 /* [CP] Embed Pods Frameworks */ = {
			isa = PBXShellScriptBuildPhase;
			buildActionMask = 2147483647;
			files = (
			);
			inputPaths = (
			);
			name = "[CP] Embed Pods Frameworks";
			outputPaths = (
			);
			runOnlyForDeploymentPostprocessing = 0;
			shellPath = /bin/sh;
			shellScript = "\"${SRCROOT}/Pods/Target Support Files/Pods-ReceiveOrder/Pods-ReceiveOrder-frameworks.sh\"\n";
			showEnvVarsInLog = 0;
		};
/* End PBXShellScriptBuildPhase section */

/* Begin PBXSourcesBuildPhase section */
		1D60588E0D05DD3D006BFB54 /* Sources */ = {
			isa = PBXSourcesBuildPhase;
			buildActionMask = 2147483647;
			files = (
				9627209C1D486EEC005AF916 /* View+MASAdditions.m in Sources */,
				1D60589B0D05DD56006BFB54 /* main.m in Sources */,
				1D3623260D0F684500981E51 /* AppDelegate.m in Sources */,
				96082BE31D4AEA3D00AC00B9 /* HighlightBgColorButton.m in Sources */,
				96256FC21D4735AA00DA5F18 /* FirstStep.m in Sources */,
				96E8E0E91D49A61E0071589B /* RegisterController.m in Sources */,
				96E8E0EF1D49E3B80071589B /* ThirdStep.m in Sources */,
				962720751D485BB4005AF916 /* MainViewController.m in Sources */,
				9627209D1D486EEC005AF916 /* ViewController+MASAdditions.m in Sources */,
				962720981D486EEC005AF916 /* MASViewAttribute.m in Sources */,
				962720941D486EEC005AF916 /* MASCompositeConstraint.m in Sources */,
				96F503921D45E0C800040DC5 /* Login.m in Sources */,
				96EC32461D51C55C00C9E233 /* CDVInteraction.swift in Sources */,
				96E8E0EC1D49B3BE0071589B /* SecondStepCell.m in Sources */,
				96256FBF1D472D8700DA5F18 /* TabBarController.m in Sources */,
				962720961D486EEC005AF916 /* MASConstraintMaker.m in Sources */,
				962720951D486EEC005AF916 /* MASConstraint.m in Sources */,
				9627209B1D486EEC005AF916 /* NSLayoutConstraint+MASDebugAdditions.m in Sources */,
				962720971D486EEC005AF916 /* MASLayoutConstraint.m in Sources */,
				9627209A1D486EEC005AF916 /* NSArray+MASAdditions.m in Sources */,
				96256FC51D47693F00DA5F18 /* SecondStep.m in Sources */,
				96F503A11D46031500040DC5 /* WJPromptLabel.m in Sources */,
				96082BE61D4AF20200AC00B9 /* FourthStep.m in Sources */,
				962720991D486EEC005AF916 /* MASViewConstraint.m in Sources */,
			);
			runOnlyForDeploymentPostprocessing = 0;
		};
/* End PBXSourcesBuildPhase section */

/* Begin PBXTargetDependency section */
		301BF551109A68C00062928A /* PBXTargetDependency */ = {
			isa = PBXTargetDependency;
			name = CordovaLib;
			targetProxy = 301BF550109A68C00062928A /* PBXContainerItemProxy */;
		};
/* End PBXTargetDependency section */

/* Begin PBXVariantGroup section */
		96F5038A1D45E03A00040DC5 /* LaunchScreen.storyboard */ = {
			isa = PBXVariantGroup;
			children = (
				96F5038B1D45E03A00040DC5 /* Base */,
			);
			name = LaunchScreen.storyboard;
			sourceTree = "<group>";
		};
		96F5038C1D45E03A00040DC5 /* Main.storyboard */ = {
			isa = PBXVariantGroup;
			children = (
				96F5038D1D45E03A00040DC5 /* Base */,
			);
			name = Main.storyboard;
			sourceTree = "<group>";
		};
/* End PBXVariantGroup section */

/* Begin XCBuildConfiguration section */
		1D6058940D05DD3E006BFB54 /* Debug */ = {
			isa = XCBuildConfiguration;
			baseConfigurationReference = 3047A50F1AB8059700498E2A /* build-debug.xcconfig */;
			buildSettings = {
				ALWAYS_SEARCH_USER_PATHS = NO;
				ASSETCATALOG_COMPILER_APPICON_NAME = AppIcon;
				CLANG_ENABLE_MODULES = YES;
				CLANG_ENABLE_OBJC_ARC = YES;
				CODE_SIGN_IDENTITY = "iPhone Developer";
				COPY_PHASE_STRIP = NO;
				GCC_DYNAMIC_NO_PIC = NO;
				GCC_OPTIMIZATION_LEVEL = 0;
				GCC_PRECOMPILE_PREFIX_HEADER = YES;
				GCC_PREFIX_HEADER = "ReceiveOrder/ReceiveOrder-Prefix.pch";
				GCC_THUMB_SUPPORT = NO;
				GCC_VERSION = "";
				INFOPLIST_FILE = "ReceiveOrder/ReceiveOrder-Info.plist";
				IPHONEOS_DEPLOYMENT_TARGET = 9.0;
				LD_RUNPATH_SEARCH_PATHS = "@executable_path/Frameworks";
				LIBRARY_SEARCH_PATHS = (
					"$(inherited)",
					"$(PROJECT_DIR)/TheThird/UMessage_Sdk_1.3.0",
				);
				PRODUCT_NAME = ReceiveOrder;
				SWIFT_OBJC_BRIDGING_HEADER = "ReceiveOrder/Classes/ReceiveOrder-Bridging-Header.h";
				SWIFT_OPTIMIZATION_LEVEL = "-Onone";
				TARGETED_DEVICE_FAMILY = 1;
			};
			name = Debug;
		};
		1D6058950D05DD3E006BFB54 /* Release */ = {
			isa = XCBuildConfiguration;
			baseConfigurationReference = 3047A5101AB8059700498E2A /* build-release.xcconfig */;
			buildSettings = {
				ALWAYS_SEARCH_USER_PATHS = NO;
				ASSETCATALOG_COMPILER_APPICON_NAME = AppIcon;
				CLANG_ENABLE_MODULES = YES;
				CLANG_ENABLE_OBJC_ARC = YES;
				CODE_SIGN_IDENTITY = "iPhone Developer";
				COPY_PHASE_STRIP = YES;
				GCC_PRECOMPILE_PREFIX_HEADER = YES;
				GCC_PREFIX_HEADER = "ReceiveOrder/ReceiveOrder-Prefix.pch";
				GCC_THUMB_SUPPORT = NO;
				GCC_VERSION = "";
				INFOPLIST_FILE = "ReceiveOrder/ReceiveOrder-Info.plist";
				IPHONEOS_DEPLOYMENT_TARGET = 9.0;
				LD_RUNPATH_SEARCH_PATHS = "$(inherited) @executable_path/Frameworks";
				LIBRARY_SEARCH_PATHS = (
					"$(inherited)",
					"$(PROJECT_DIR)/TheThird/UMessage_Sdk_1.3.0",
				);
				PRODUCT_NAME = ReceiveOrder;
				SWIFT_OBJC_BRIDGING_HEADER = "ReceiveOrder/Classes/ReceiveOrder-Bridging-Header.h";
				TARGETED_DEVICE_FAMILY = 1;
			};
			name = Release;
		};
		C01FCF4F08A954540054247B /* Debug */ = {
			isa = XCBuildConfiguration;
			baseConfigurationReference = 3047A5111AB8059700498E2A /* build.xcconfig */;
			buildSettings = {
				CLANG_ENABLE_MODULES = YES;
				CLANG_ENABLE_OBJC_ARC = YES;
				CLANG_WARN_BOOL_CONVERSION = YES;
				CLANG_WARN_CONSTANT_CONVERSION = YES;
				CLANG_WARN_EMPTY_BODY = YES;
				CLANG_WARN_ENUM_CONVERSION = YES;
				CLANG_WARN_INT_CONVERSION = YES;
				CLANG_WARN__DUPLICATE_METHOD_MATCH = YES;
				GCC_C_LANGUAGE_STANDARD = c99;
				GCC_THUMB_SUPPORT = NO;
				GCC_VERSION = "";
				GCC_WARN_ABOUT_RETURN_TYPE = YES;
				GCC_WARN_UNDECLARED_SELECTOR = YES;
				GCC_WARN_UNINITIALIZED_AUTOS = YES;
				GCC_WARN_UNUSED_FUNCTION = YES;
				GCC_WARN_UNUSED_VARIABLE = YES;
				ONLY_ACTIVE_ARCH = YES;
				SDKROOT = iphoneos;
				SKIP_INSTALL = NO;
			};
			name = Debug;
		};
		C01FCF5008A954540054247B /* Release */ = {
			isa = XCBuildConfiguration;
			baseConfigurationReference = 3047A5111AB8059700498E2A /* build.xcconfig */;
			buildSettings = {
				CLANG_ENABLE_MODULES = YES;
				CLANG_ENABLE_OBJC_ARC = YES;
				CLANG_WARN_BOOL_CONVERSION = YES;
				CLANG_WARN_CONSTANT_CONVERSION = YES;
				CLANG_WARN_EMPTY_BODY = YES;
				CLANG_WARN_ENUM_CONVERSION = YES;
				CLANG_WARN_INT_CONVERSION = YES;
				CLANG_WARN__DUPLICATE_METHOD_MATCH = YES;
				GCC_C_LANGUAGE_STANDARD = c99;
				GCC_THUMB_SUPPORT = NO;
				GCC_VERSION = "";
				GCC_WARN_ABOUT_RETURN_TYPE = YES;
				GCC_WARN_UNDECLARED_SELECTOR = YES;
				GCC_WARN_UNINITIALIZED_AUTOS = YES;
				GCC_WARN_UNUSED_FUNCTION = YES;
				GCC_WARN_UNUSED_VARIABLE = YES;
				SDKROOT = iphoneos;
				SKIP_INSTALL = NO;
			};
			name = Release;
		};
/* End XCBuildConfiguration section */

/* Begin XCConfigurationList section */
		1D6058960D05DD3E006BFB54 /* Build configuration list for PBXNativeTarget "ReceiveOrder" */ = {
			isa = XCConfigurationList;
			buildConfigurations = (
				1D6058940D05DD3E006BFB54 /* Debug */,
				1D6058950D05DD3E006BFB54 /* Release */,
			);
			defaultConfigurationIsVisible = 0;
			defaultConfigurationName = Release;
		};
		C01FCF4E08A954540054247B /* Build configuration list for PBXProject "ReceiveOrder" */ = {
			isa = XCConfigurationList;
			buildConfigurations = (
				C01FCF4F08A954540054247B /* Debug */,
				C01FCF5008A954540054247B /* Release */,
			);
			defaultConfigurationIsVisible = 0;
			defaultConfigurationName = Release;
		};
/* End XCConfigurationList section */
	};
	rootObject = 29B97313FDCFA39411CA2CEA /* Project object */;
}
